
Microsoft Visual Studio Solution File, Format Version 12.00
# Visual Studio Version 17
VisualStudioVersion = 17.7.34031.279
MinimumVisualStudioVersion = 10.0.40219.1
Project("{FAE04EC0-301F-11D3-BF4B-00C04F79EFBC}") = "ERScaling", "ERScaling.csproj", "{7530C42A-3A44-4627-B089-C0971E56B7B7}"
EndProject
Global
	GlobalSection(SolutionConfigurationPlatforms) = preSolution
		Debug|Any CPU = Debug|Any CPU
		Release|Any CPU = Release|Any CPU
	EndGlobalSection
	GlobalSection(ProjectConfigurationPlatforms) = postSolution
		{7530C42A-3A44-4627-B089-C0971E56B7B7}.Debug|Any CPU.ActiveCfg = Debug|Any CPU
		{7530C42A-3A44-4627-B089-C0971E56B7B7}.Debug|Any CPU.Build.0 = Debug|Any CPU
		{7530C42A-3A44-4627-B089-C0971E56B7B7}.Release|Any CPU.ActiveCfg = Release|Any CPU
		{7530C42A-3A44-4627-B089-C0971E56B7B7}.Release|Any CPU.Build.0 = Release|Any CPU
	EndGlobalSection
	GlobalSection(SolutionProperties) = preSolution
		HideSolutionNode = FALSE
	EndGlobalSection
	GlobalSection(ExtensibilityGlobals) = postSolution
		SolutionGuid = {D6B7068B-C204-47FA-A7E7-88412E1F1D69}
	EndGlobalSection
EndGlobal
